
Microsoft Visual Studio Solution File, Format Version 12.00
# Visual Studio Version 17
VisualStudioVersion = 17.8.34316.72
MinimumVisualStudioVersion = 10.0.40219.1
Project("{FAE04EC0-301F-11D3-BF4B-00C04F79EFBC}") = "PersonelPanel", "PersonelPanel\PersonelPanel.csproj", "{2887476A-5491-4FB0-979A-B285D395CF29}"
EndProject
Global
	GlobalSection(SolutionConfigurationPlatforms) = preSolution
		Debug|Any CPU = Debug|Any CPU
		Release|Any CPU = Release|Any CPU
	EndGlobalSection
	GlobalSection(ProjectConfigurationPlatforms) = postSolution
		{2887476A-5491-4FB0-979A-B285D395CF29}.Debug|Any CPU.ActiveCfg = Debug|Any CPU
		{2887476A-5491-4FB0-979A-B285D395CF29}.Debug|Any CPU.Build.0 = Debug|Any CPU
		{2887476A-5491-4FB0-979A-B285D395CF29}.Release|Any CPU.ActiveCfg = Release|Any CPU
		{2887476A-5491-4FB0-979A-B285D395CF29}.Release|Any CPU.Build.0 = Release|Any CPU
	EndGlobalSection
	GlobalSection(SolutionProperties) = preSolution
		HideSolutionNode = FALSE
	EndGlobalSection
	GlobalSection(ExtensibilityGlobals) = postSolution
		SolutionGuid = {25B67375-9A40-4F90-919F-B3B080AB57D1}
	EndGlobalSection
EndGlobal
